{
  "version": "2",
  "remote": {
    "https://deno.land/std@0.138.0/async/deferred.ts": "bc18e28108252c9f67dfca2bbc4587c3cbf3aeb6e155f8c864ca8ecff992b98a",
    "https://deno.land/std@0.154.0/_util/assert.ts": "e94f2eb37cebd7f199952e242c77654e43333c1ac4c5c700e929ea3aa5489f74",
    "https://deno.land/std@0.154.0/_util/os.ts": "3b4c6e27febd119d36a416d7a97bd3b0251b77c88942c8f16ee5953ea13e2e49",
    "https://deno.land/std@0.154.0/fs/_util.ts": "fdc156f897197f261a1c096dcf8ff9267ed0ff42bd5b31f55053a4763a4bae3b",
    "https://deno.land/std@0.154.0/fs/ensure_dir.ts": "76395fc1c989ca8d2de3aedfa8240eb8f5225cde20f926de957995b063135b80",
    "https://deno.land/std@0.154.0/fs/move.ts": "6d7fa9da60dbc7a32dd7fdbc2ff812b745861213c8e92ba96dace0669b0c378c",
    "https://deno.land/std@0.154.0/fs/walk.ts": "d6c73a2a2fb5fde60150ce27cff3fff420e72e5bb84131b4919c9a41d74712ce",
    "https://deno.land/std@0.154.0/path/_constants.ts": "df1db3ffa6dd6d1252cc9617e5d72165cd2483df90e93833e13580687b6083c3",
    "https://deno.land/std@0.154.0/path/_interface.ts": "ee3b431a336b80cf445441109d089b70d87d5e248f4f90ff906820889ecf8d09",
    "https://deno.land/std@0.154.0/path/_util.ts": "d16be2a16e1204b65f9d0dfc54a9bc472cafe5f4a190b3c8471ec2016ccd1677",
    "https://deno.land/std@0.154.0/path/common.ts": "bee563630abd2d97f99d83c96c2fa0cca7cee103e8cb4e7699ec4d5db7bd2633",
    "https://deno.land/std@0.154.0/path/glob.ts": "cb5255638de1048973c3e69e420c77dc04f75755524cb3b2e160fe9277d939ee",
    "https://deno.land/std@0.154.0/path/mod.ts": "56fec03ad0ebd61b6ab39ddb9b0ddb4c4a5c9f2f4f632e09dd37ec9ebfd722ac",
    "https://deno.land/std@0.154.0/path/posix.ts": "c1f7afe274290ea0b51da07ee205653b2964bd74909a82deb07b69a6cc383aaa",
    "https://deno.land/std@0.154.0/path/separator.ts": "fe1816cb765a8068afb3e8f13ad272351c85cbc739af56dacfc7d93d710fe0f9",
    "https://deno.land/std@0.154.0/path/win32.ts": "bd7549042e37879c68ff2f8576a25950abbfca1d696d41d82c7bca0b7e6f452c",
    "https://deno.land/std@0.158.0/async/deferred.ts": "c01de44b9192359cebd3fe93273fcebf9e95110bf3360023917da9a2d1489fae",
    "https://deno.land/std@0.158.0/collections/_comparators.ts": "b9edf2170aaccbe11407d37e8948b6867cf68fbe5225f4cd4cdb02f174227157",
    "https://deno.land/std@0.158.0/collections/binary_search_node.ts": "44ce42e032d8701d1cbce0de4a2d991742743554d2df09783198d862284eb263",
    "https://deno.land/std@0.158.0/collections/binary_search_tree.ts": "64224e394fd3b894b5dee2f8da692405a5d6f107cd2ecbab48c478f63b9fad03",
    "https://deno.land/std@0.158.0/collections/red_black_node.ts": "8381a2fecdd28e06f2f730f091aa2a78cab57571a78727203f42e00fd24dd12f",
    "https://deno.land/std@0.158.0/collections/red_black_tree.ts": "b065e14cc319d1b0090aa6acbad387b7c9cb52346c259047a0c47b9695c7cc5c",
    "https://deno.land/std@0.167.0/_util/asserts.ts": "d0844e9b62510f89ce1f9878b046f6a57bf88f208a10304aab50efcb48365272",
    "https://deno.land/std@0.167.0/_util/os.ts": "8a33345f74990e627b9dfe2de9b040004b08ea5146c7c9e8fe9a29070d193934",
    "https://deno.land/std@0.167.0/async/abortable.ts": "80b2ac399f142cc528f95a037a7d0e653296352d95c681e284533765961de409",
    "https://deno.land/std@0.167.0/async/deadline.ts": "2c2deb53c7c28ca1dda7a3ad81e70508b1ebc25db52559de6b8636c9278fd41f",
    "https://deno.land/std@0.167.0/async/debounce.ts": "60301ffb37e730cd2d6f9dadfd0ecb2a38857681bd7aaf6b0a106b06e5210a98",
    "https://deno.land/std@0.167.0/async/deferred.ts": "77d3f84255c3627f1cc88699d8472b664d7635990d5358c4351623e098e917d6",
    "https://deno.land/std@0.167.0/async/delay.ts": "5a9bfba8de38840308a7a33786a0155a7f6c1f7a859558ddcec5fe06e16daf57",
    "https://deno.land/std@0.167.0/async/mod.ts": "7809ad4bb223e40f5fdc043e5c7ca04e0e25eed35c32c3c32e28697c553fa6d9",
    "https://deno.land/std@0.167.0/async/mux_async_iterator.ts": "770a0ff26c59f8bbbda6b703a2235f04e379f73238e8d66a087edc68c2a2c35f",
    "https://deno.land/std@0.167.0/async/pool.ts": "6854d8cd675a74c73391c82005cbbe4cc58183bddcd1fbbd7c2bcda42b61cf69",
    "https://deno.land/std@0.167.0/async/retry.ts": "e8e5173623915bbc0ddc537698fa418cf875456c347eda1ed453528645b42e67",
    "https://deno.land/std@0.167.0/async/tee.ts": "3a47cc4e9a940904fd4341f0224907e199121c80b831faa5ec2b054c6d2eff5e",
    "https://deno.land/std@0.167.0/bytes/equals.ts": "39006f683f6ab99ceb517ebdba5023d03e9a1d272da8bfb14154e2bda32bdbf9",
    "https://deno.land/std@0.167.0/fs/_util.ts": "fdc156f897197f261a1c096dcf8ff9267ed0ff42bd5b31f55053a4763a4bae3b",
    "https://deno.land/std@0.167.0/fs/copy.ts": "c6303e52f544c81271c929931f5b59c9cfa4f81930719d2d3f777188c38aac9f",
    "https://deno.land/std@0.167.0/fs/empty_dir.ts": "453d6232ff109f2afb5e57ec14c3228e399205c1b408d85536aed7230290c414",
    "https://deno.land/std@0.167.0/fs/ensure_dir.ts": "5e9e3d7da7fc5b5e391e6d9ccead17086d76e82fb46ccc7cc9b9ee3491bab6e0",
    "https://deno.land/std@0.167.0/fs/ensure_file.ts": "76ef3a8ebef60d8da1fc4316fcb8e20c1b6f52b1baed3a9692ad3b0d1a9a1b03",
    "https://deno.land/std@0.167.0/fs/ensure_link.ts": "adc8919063e26819f5971a0010fedc1bfd71d6350a24db1a36dff432bc35c7d7",
    "https://deno.land/std@0.167.0/fs/ensure_symlink.ts": "5273557b8c50be69477aa9cb003b54ff2240a336db52a40851c97abce76b96ab",
    "https://deno.land/std@0.167.0/fs/eol.ts": "6e784ff8120c8d5589cb258e56dc39bc5b408ac9827a2e914163cbf9f2e3ce92",
    "https://deno.land/std@0.167.0/fs/exists.ts": "6a447912e49eb79cc640adacfbf4b0baf8e17ede6d5bed057062ce33c4fa0d68",
    "https://deno.land/std@0.167.0/fs/expand_glob.ts": "3a92ee4921d2b063b8dfefd1d87c35bf81126f0f1cb16e5a0f4e9ecb88ec6fe3",
    "https://deno.land/std@0.167.0/fs/mod.ts": "79c209c6e66903b3426f9245a4f216380a0ed47ffe9d253f5a61a0bc9ad1f314",
    "https://deno.land/std@0.167.0/fs/move.ts": "02ab1fc9b744da8b496f406e9fc77b0bf7960b6faaa7ec9f5fb0a129e5bef215",
    "https://deno.land/std@0.167.0/fs/walk.ts": "677eac2e5386217a7a4e7526769ae28b41ff4ae7a3cd0389f3aa4eb662545edd",
    "https://deno.land/std@0.167.0/http/server.ts": "e99c1bee8a3f6571ee4cdeb2966efad465b8f6fe62bec1bdb59c1f007cc4d155",
    "https://deno.land/std@0.167.0/media_types/_util.ts": "ce9b4fc4ba1c447dafab619055e20fd88236ca6bdd7834a21f98bd193c3fbfa1",
    "https://deno.land/std@0.167.0/media_types/mod.ts": "8c0447e561dd74fb26c52ad0df92d9f2ab170329a11a3f78498e3ea94c0590fd",
    "https://deno.land/std@0.167.0/media_types/vendor/mime-db.v1.52.0.ts": "724cee25fa40f1a52d3937d6b4fbbfdd7791ff55e1b7ac08d9319d5632c7f5af",
    "https://deno.land/std@0.167.0/path/_constants.ts": "df1db3ffa6dd6d1252cc9617e5d72165cd2483df90e93833e13580687b6083c3",
    "https://deno.land/std@0.167.0/path/_interface.ts": "ee3b431a336b80cf445441109d089b70d87d5e248f4f90ff906820889ecf8d09",
    "https://deno.land/std@0.167.0/path/_util.ts": "d16be2a16e1204b65f9d0dfc54a9bc472cafe5f4a190b3c8471ec2016ccd1677",
    "https://deno.land/std@0.167.0/path/common.ts": "bee563630abd2d97f99d83c96c2fa0cca7cee103e8cb4e7699ec4d5db7bd2633",
    "https://deno.land/std@0.167.0/path/glob.ts": "81cc6c72be002cd546c7a22d1f263f82f63f37fe0035d9726aa96fc8f6e4afa1",
    "https://deno.land/std@0.167.0/path/mod.ts": "cf7cec7ac11b7048bb66af8ae03513e66595c279c65cfa12bfc07d9599608b78",
    "https://deno.land/std@0.167.0/path/posix.ts": "b859684bc4d80edfd4cad0a82371b50c716330bed51143d6dcdbe59e6278b30c",
    "https://deno.land/std@0.167.0/path/separator.ts": "fe1816cb765a8068afb3e8f13ad272351c85cbc739af56dacfc7d93d710fe0f9",
    "https://deno.land/std@0.167.0/path/win32.ts": "7cebd2bda6657371adc00061a1d23fdd87bcdf64b4843bb148b0b24c11b40f69",
    "https://deno.land/std@0.170.0/_util/asserts.ts": "d0844e9b62510f89ce1f9878b046f6a57bf88f208a10304aab50efcb48365272",
    "https://deno.land/std@0.170.0/_util/os.ts": "8a33345f74990e627b9dfe2de9b040004b08ea5146c7c9e8fe9a29070d193934",
    "https://deno.land/std@0.170.0/encoding/base64.ts": "8605e018e49211efc767686f6f687827d7f5fd5217163e981d8d693105640d7a",
    "https://deno.land/std@0.170.0/fmt/colors.ts": "03ad95e543d2808bc43c17a3dd29d25b43d0f16287fe562a0be89bf632454a12",
    "https://deno.land/std@0.170.0/path/_constants.ts": "df1db3ffa6dd6d1252cc9617e5d72165cd2483df90e93833e13580687b6083c3",
    "https://deno.land/std@0.170.0/path/_interface.ts": "ee3b431a336b80cf445441109d089b70d87d5e248f4f90ff906820889ecf8d09",
    "https://deno.land/std@0.170.0/path/_util.ts": "d16be2a16e1204b65f9d0dfc54a9bc472cafe5f4a190b3c8471ec2016ccd1677",
    "https://deno.land/std@0.170.0/path/common.ts": "bee563630abd2d97f99d83c96c2fa0cca7cee103e8cb4e7699ec4d5db7bd2633",
    "https://deno.land/std@0.170.0/path/glob.ts": "81cc6c72be002cd546c7a22d1f263f82f63f37fe0035d9726aa96fc8f6e4afa1",
    "https://deno.land/std@0.170.0/path/mod.ts": "cf7cec7ac11b7048bb66af8ae03513e66595c279c65cfa12bfc07d9599608b78",
    "https://deno.land/std@0.170.0/path/posix.ts": "b859684bc4d80edfd4cad0a82371b50c716330bed51143d6dcdbe59e6278b30c",
    "https://deno.land/std@0.170.0/path/separator.ts": "fe1816cb765a8068afb3e8f13ad272351c85cbc739af56dacfc7d93d710fe0f9",
    "https://deno.land/std@0.170.0/path/win32.ts": "7cebd2bda6657371adc00061a1d23fdd87bcdf64b4843bb148b0b24c11b40f69",
    "https://deno.land/x/cliffy@v0.25.7/_utils/distance.ts": "02af166952c7c358ac83beae397aa2fbca4ad630aecfcd38d92edb1ea429f004",
    "https://deno.land/x/cliffy@v0.25.7/ansi/ansi_escapes.ts": "885f61f343223f27b8ec69cc138a54bea30542924eacd0f290cd84edcf691387",
    "https://deno.land/x/cliffy@v0.25.7/ansi/chain.ts": "31fb9fcbf72fed9f3eb9b9487270d2042ccd46a612d07dd5271b1a80ae2140a0",
    "https://deno.land/x/cliffy@v0.25.7/ansi/cursor_position.ts": "d537491e31d9c254b208277448eff92ff7f55978c4928dea363df92c0df0813f",
    "https://deno.land/x/cliffy@v0.25.7/ansi/deps.ts": "0f35cb7e91868ce81561f6a77426ea8bc55dc15e13f84c7352f211023af79053",
    "https://deno.land/x/cliffy@v0.25.7/ansi/tty.ts": "8fb064c17ead6cdf00c2d3bc87a9fd17b1167f2daa575c42b516f38bdb604673",
    "https://deno.land/x/cliffy@v0.25.7/keycode/key_code.ts": "c4ab0ffd102c2534962b765ded6d8d254631821bf568143d9352c1cdcf7a24be",
    "https://deno.land/x/cliffy@v0.25.7/keycode/key_codes.ts": "917f0a2da0dbace08cf29bcfdaaa2257da9fe7e705fff8867d86ed69dfb08cfe",
    "https://deno.land/x/cliffy@v0.25.7/keycode/mod.ts": "292d2f295316c6e0da6955042a7b31ab2968ff09f2300541d00f05ed6c2aa2d4",
    "https://deno.land/x/cliffy@v0.25.7/prompt/_generic_input.ts": "737cff2de02c8ce35250f5dd79c67b5fc176423191a2abd1f471a90dd725659e",
    "https://deno.land/x/cliffy@v0.25.7/prompt/_generic_list.ts": "79b301bf09eb19f0d070d897f613f78d4e9f93100d7e9a26349ef0bfaa7408d2",
    "https://deno.land/x/cliffy@v0.25.7/prompt/_generic_prompt.ts": "8630ce89a66d83e695922df41721cada52900b515385d86def597dea35971bb2",
    "https://deno.land/x/cliffy@v0.25.7/prompt/_generic_suggestions.ts": "2a8b619f91e8f9a270811eff557f10f1343a444a527b5fc22c94de832939920c",
    "https://deno.land/x/cliffy@v0.25.7/prompt/_utils.ts": "676cca30762656ed1a9bcb21a7254244278a23ffc591750e98a501644b6d2df3",
    "https://deno.land/x/cliffy@v0.25.7/prompt/checkbox.ts": "e5a5a9adbb86835dffa2afbd23c6f7a8fe25a9d166485388ef25aba5dc3fbf9e",
    "https://deno.land/x/cliffy@v0.25.7/prompt/confirm.ts": "94c8e55de3bbcd53732804420935c432eab29945497d1c47c357d236a89cb5f6",
    "https://deno.land/x/cliffy@v0.25.7/prompt/deps.ts": "4c38ab18e55a792c9a136c1c29b2b6e21ea4820c45de7ef4cf517ce94012c57d",
    "https://deno.land/x/cliffy@v0.25.7/prompt/figures.ts": "26af0fbfe21497220e4b887bb550fab997498cde14703b98e78faf370fbb4b94",
    "https://deno.land/x/cliffy@v0.25.7/prompt/input.ts": "ee45532e0a30c2463e436e08ae291d79d1c2c40872e17364c96d2b97c279bf4d",
    "https://deno.land/x/cliffy@v0.25.7/prompt/list.ts": "6780427ff2a932a48c9b882d173c64802081d6cdce9ff618d66ba6504b6abc50",
    "https://deno.land/x/cliffy@v0.25.7/prompt/mod.ts": "195aed14d10d279914eaa28c696dec404d576ca424c097a5bc2b4a7a13b66c89",
    "https://deno.land/x/cliffy@v0.25.7/prompt/number.ts": "015305a76b50138234dde4fd50eb886c6c7c0baa1b314caf811484644acdc2cf",
    "https://deno.land/x/cliffy@v0.25.7/prompt/prompt.ts": "0e7f6a1d43475ee33fb25f7d50749b2f07fc0bcddd9579f3f9af12d05b4a4412",
    "https://deno.land/x/cliffy@v0.25.7/prompt/secret.ts": "58745f5231fb2c44294c4acf2511f8c5bfddfa1e12f259580ff90dedea2703d6",
    "https://deno.land/x/cliffy@v0.25.7/prompt/select.ts": "1e982eae85718e4e15a3ee10a5ae2233e532d7977d55888f3a309e8e3982b784",
    "https://deno.land/x/cliffy@v0.25.7/prompt/toggle.ts": "842c3754a40732f2e80bcd4670098713e402e64bd930e6cab2b787f7ad4d931a",
    "https://deno.land/x/cliffy@v0.25.7/table/border.ts": "2514abae4e4f51eda60a5f8c927ba24efd464a590027e900926b38f68e01253c",
    "https://deno.land/x/cliffy@v0.25.7/table/cell.ts": "1d787d8006ac8302020d18ec39f8d7f1113612c20801b973e3839de9c3f8b7b3",
    "https://deno.land/x/cliffy@v0.25.7/table/deps.ts": "5b05fa56c1a5e2af34f2103fd199e5f87f0507549963019563eae519271819d2",
    "https://deno.land/x/cliffy@v0.25.7/table/layout.ts": "46bf10ae5430cf4fbb92f23d588230e9c6336edbdb154e5c9581290562b169f4",
    "https://deno.land/x/cliffy@v0.25.7/table/mod.ts": "e74f69f38810ee6139a71132783765feb94436a6619c07474ada45b465189834",
    "https://deno.land/x/cliffy@v0.25.7/table/row.ts": "5f519ba7488d2ef76cbbf50527f10f7957bfd668ce5b9169abbc44ec88302645",
    "https://deno.land/x/cliffy@v0.25.7/table/table.ts": "ec204c9d08bb3ff1939c5ac7412a4c9ed7d00925d4fc92aff9bfe07bd269258d",
    "https://deno.land/x/cliffy@v0.25.7/table/utils.ts": "187bb7dcbcfb16199a5d906113f584740901dfca1007400cba0df7dcd341bc29",
    "https://deno.land/x/earthstar@v10.0.1/deps.ts": "085313ed63c3698d435325a0e4b48a1065a03bf3275b09b9b2645af2bdfff257",
    "https://deno.land/x/earthstar@v10.0.1/mod.ts": "cbce137f4f69eca3960a6162e922c6fe02e5afd96e618a46ba7b25bdcbe1222a",
    "https://deno.land/x/earthstar@v10.0.1/src/core-validators/addresses.ts": "44303cc542db9849f4c606e716dc5fda0491b380ddf11a163dddaf625bf0faad",
    "https://deno.land/x/earthstar@v10.0.1/src/core-validators/characters.ts": "fb72315b3ea79aab6ebed09e95329b452ded2498684ef92b11411628e3f706be",
    "https://deno.land/x/earthstar@v10.0.1/src/core-validators/checkers.ts": "8cc7579b0fdb72b10c3f979d92a6e27f03952f1955a962846c92cb7dedb52215",
    "https://deno.land/x/earthstar@v10.0.1/src/crypto/base32.ts": "0aad78407fd95bd12ed59258fec032d021c4d8717e841f85af6e3f94b6e0c734",
    "https://deno.land/x/earthstar@v10.0.1/src/crypto/crypto-driver-noble.ts": "6959c4b50719ead3c9558101e898e3d1164b1091fd28833b52eacf61b3ec5272",
    "https://deno.land/x/earthstar@v10.0.1/src/crypto/crypto-driver-sodium.ts": "e1aa0430d7766caf592205ff3e7976f95b2c30fb0d44878244aa9a596103b473",
    "https://deno.land/x/earthstar@v10.0.1/src/crypto/crypto-types.ts": "977842a5e0ddfdb9e658d428ea3e1dae62ab255f8869d3421875283a010a93c5",
    "https://deno.land/x/earthstar@v10.0.1/src/crypto/crypto.ts": "cb1fcea7fab68cf67e8ecfdcb14b8fc0dfdf94f4fb242b581f42d5e72f048a60",
    "https://deno.land/x/earthstar@v10.0.1/src/crypto/default_driver.ts": "b428e7743dcf8ebd72a6360de200bea424fd9415f9f6a28ffc8f25971858a30d",
    "https://deno.land/x/earthstar@v10.0.1/src/crypto/global-crypto-driver.ts": "8d28123e7cd07641270cd7a8e94a64cde902808e91aa63019412c74a5f557266",
    "https://deno.land/x/earthstar@v10.0.1/src/crypto/keypair.ts": "71aa309efa4fd9ba196ea254217c1b4983f1a1168d17bd49ee7d6a4103a3525e",
    "https://deno.land/x/earthstar@v10.0.1/src/crypto/updatable_hash.ts": "e61116adefa362f2c2bb1b297e190024cdf254a0aadef7d0fba72e4808493e88",
    "https://deno.land/x/earthstar@v10.0.1/src/entries/deno.ts": "b92ac61ccea8dc19ecce2a5b5f345e312ca08d91e9e92cd0fa3854415e9222a3",
    "https://deno.land/x/earthstar@v10.0.1/src/entries/universal.ts": "68ca7d6f1d353f85c97517a5f691c57e9da9a5c11f4738380d3cd2b16c74c7b9",
    "https://deno.land/x/earthstar@v10.0.1/src/formats/format_es4.ts": "ef168733109c77cdcbe658e7c3a044fb8227d6507e7d4ca6c6f7bf7290fea6f3",
    "https://deno.land/x/earthstar@v10.0.1/src/formats/format_es5.ts": "72dcc110bf1f2f744efc77f6c5ea76b86babc1d5a662ff3721a3c86c38de2dd8",
    "https://deno.land/x/earthstar@v10.0.1/src/formats/format_types.ts": "28d42307af38bdd81551b16e1160e7d4807982b3adab70a8acc941392e051624",
    "https://deno.land/x/earthstar@v10.0.1/src/formats/util.ts": "3959e345fa640c71c45cdba8b00db88c2ccadcd205afa78e167696ea80bd6b9c",
    "https://deno.land/x/earthstar@v10.0.1/src/peer/peer-types.ts": "0a2e028e232427649e21fac8c3975cc3af364adeec346ee724c595573beca9d1",
    "https://deno.land/x/earthstar@v10.0.1/src/peer/peer.ts": "88a515299692d9347cae25a7f286407f0c69540b3461c0a9aaa34e681aaa624c",
    "https://deno.land/x/earthstar@v10.0.1/src/query/query-helpers.ts": "9832146900cf09b26e9f630a9caabb9042d7d9db11dfeb1465b5ef5d03271b76",
    "https://deno.land/x/earthstar@v10.0.1/src/query/query-types.ts": "9f15cb0e7e5917d9d5e7bacd8dbc6261c116211eba961998114ecd4b77f61198",
    "https://deno.land/x/earthstar@v10.0.1/src/query/query.ts": "0db678859fb589cf03769054ec6e1a92e28f647e6e824aad09c4b6c37511489f",
    "https://deno.land/x/earthstar@v10.0.1/src/replica/attachment_drivers/filesystem.ts": "ac77df9a8a3703d4d0544bc6856ce515af9eeab1fbb544a121f9ad17e7695236",
    "https://deno.land/x/earthstar@v10.0.1/src/replica/attachment_drivers/memory.ts": "c4026656397fb9a7785179d44279b7f1b654c4faf97abcb029e8793926090a13",
    "https://deno.land/x/earthstar@v10.0.1/src/replica/compare.ts": "b3a9f012925ac2dad6bc23c3e668cc10acf52165edd005bf688027c17ee3aa8d",
    "https://deno.land/x/earthstar@v10.0.1/src/replica/doc_drivers/localstorage.ts": "31ab25a4740209ccc34179cf090e59372d7e130e93e19401112a63ec3b21b1a9",
    "https://deno.land/x/earthstar@v10.0.1/src/replica/doc_drivers/memory.ts": "69d4329160849c601ca374e71af57834abde525ef24c630bf81ab9e9b269b0bc",
    "https://deno.land/x/earthstar@v10.0.1/src/replica/doc_drivers/sqlite.deno.ts": "a58a994d654b8309a564d90095e5908c5d76daff38e9eb6bb76cae5d4f1fb9f1",
    "https://deno.land/x/earthstar@v10.0.1/src/replica/doc_drivers/sqlite.shared.ts": "5c27e4e5ee72bca093200d8c56a244086f66aec52ae812e3b7f9d97249103802",
    "https://deno.land/x/earthstar@v10.0.1/src/replica/driver_fs.ts": "f01efcdb94a241a1d22d30034806987505851a4f586f7877c0dfa57385459e78",
    "https://deno.land/x/earthstar@v10.0.1/src/replica/driver_memory.ts": "de246633e2bb7287b92142a16bf045da5422728d7ed48eb7144b8efab1662ab1",
    "https://deno.land/x/earthstar@v10.0.1/src/replica/multiformat_replica.ts": "94ae0b51c73174b6d4e7ab7580186abd7b3373c7d9ae36d0777103610fcb655c",
    "https://deno.land/x/earthstar@v10.0.1/src/replica/replica-types.ts": "1385d998943d319a3b960786e75c457c12b73b002e7f0eca6b7807319d68a9f2",
    "https://deno.land/x/earthstar@v10.0.1/src/replica/replica.ts": "4383520baf5bf9314e1076fcf59171d35337de573119e697f492a9e08295a27c",
    "https://deno.land/x/earthstar@v10.0.1/src/replica/replica_cache.ts": "8cfbd1058e3d1485e306a44685df054e64295ee460d88521fc828bdef7059eca",
    "https://deno.land/x/earthstar@v10.0.1/src/replica/util-types.ts": "390f0d926d2a85509eac4566cffd5d1af7669a7d2b313fb93ed0d4761a3e434b",
    "https://deno.land/x/earthstar@v10.0.1/src/server/extensions/extension.ts": "cb74476bcfd236b38ba644127c6261e13b027b56f2dd2c0d448f4f23bab19038",
    "https://deno.land/x/earthstar@v10.0.1/src/server/extensions/known_shares.ts": "1788ad4a0791fd49d410438e4aa40287727cc34516ca22c836dc3f490386a9a9",
    "https://deno.land/x/earthstar@v10.0.1/src/server/extensions/serve_content.ts": "a7264be8ed8cf1e1e7763a4ab05fa03b0a18d789165f5bb3cd3ea3b9e76569eb",
    "https://deno.land/x/earthstar@v10.0.1/src/server/extensions/server_settings.ts": "793af203a01017f6b3c396843845231e3ddd5b012ac490da2fffba1a1b7a0eb6",
    "https://deno.land/x/earthstar@v10.0.1/src/server/extensions/sync_web.ts": "009854bc9f49163110b600aa8312e0e20f68264262fd2da904a0f0e99a03a0d4",
    "https://deno.land/x/earthstar@v10.0.1/src/server/server.ts": "641040287b3250124b382ab158f6112b00e594993deae760f0aa4bf81fe390b8",
    "https://deno.land/x/earthstar@v10.0.1/src/server/server_core.ts": "377d701113df3a22a2b060eb2980aed55a5c5797af411b628fac849d3af32b73",
    "https://deno.land/x/earthstar@v10.0.1/src/streams/stream_utils.ts": "357adfedd9ac72c07526ef1f411bac429e9873f96426e92ff0da34262e3939da",
    "https://deno.land/x/earthstar@v10.0.1/src/sync-fs/constants.ts": "b2916aac6395c63016f69bcca59ce49c918cd68c651849c96910a34bdf9d1a9b",
    "https://deno.land/x/earthstar@v10.0.1/src/sync-fs/sync-fs-types.ts": "835413978626cb0e53505e7a91d43aa87544c4e3a6af611719af1c32c407a6c0",
    "https://deno.land/x/earthstar@v10.0.1/src/sync-fs/sync-fs.ts": "939bdd6da375f0b7266e76af72c6557a4f82ffc205b1aa5ed85a78a337ec5c36",
    "https://deno.land/x/earthstar@v10.0.1/src/sync-fs/util.ts": "29235c7601c127e32cd6c2b0de294daf1af00636cdfd92d14c05353619e5dfa2",
    "https://deno.land/x/earthstar@v10.0.1/src/syncer/attachment_transfer.ts": "a55c3f52aeea777a3ae5193edfe56b5b725f2b61e9b98e7648fe8ce11ce0c318",
    "https://deno.land/x/earthstar@v10.0.1/src/syncer/bumping_timeout.ts": "de3d33fa588b2708008347cb6006d466d33374245db81518a0ad769f8d794c4d",
    "https://deno.land/x/earthstar@v10.0.1/src/syncer/constants.ts": "3f6cd3e379a172ed6dbd24352605d75d07712fc31a870930a37fc4930bc586a6",
    "https://deno.land/x/earthstar@v10.0.1/src/syncer/doc_thumbnail_tree.ts": "083ac1401c0d2aaa34e6a4aedeaf92b88b3960dea0a8dcaa70e4e0cd1f3790ea",
    "https://deno.land/x/earthstar@v10.0.1/src/syncer/multi_deferred.ts": "226a92cc8b8d331be53396522572accf0c262744b732ab31cf59efc1b193f7e0",
    "https://deno.land/x/earthstar@v10.0.1/src/syncer/partner_local.ts": "c8a7249b4737416d14cf33ad5687b5877336f9226eef197ba5afbe3c9d2851dd",
    "https://deno.land/x/earthstar@v10.0.1/src/syncer/partner_web_client.ts": "1245f1170ed6a1ce3d88546bfb4f318ab8406e63b3db56dfbb0434b867321f2c",
    "https://deno.land/x/earthstar@v10.0.1/src/syncer/partner_web_server.ts": "19d11c332f4a0212173aba8bc335367a67681fa375b69bbd8b8fa0cf2ff22c01",
    "https://deno.land/x/earthstar@v10.0.1/src/syncer/plum_tree.ts": "a245ff3a2a0d5bcd75b30eb00056e2e48420c6d815b0e9b7fe50f1d873c1ca58",
    "https://deno.land/x/earthstar@v10.0.1/src/syncer/promise_enroller.ts": "bd681bd6ee52c6d581f995111bb4ef9dc062a5eaf2734357e3b3e196267bfbb6",
    "https://deno.land/x/earthstar@v10.0.1/src/syncer/range_messenger.ts": "0731667945f5589eea3b494a950f4331d184ebf709476bc4262cca3b53aba12d",
    "https://deno.land/x/earthstar@v10.0.1/src/syncer/sync_agent.ts": "5657d817cf3892838d6c7288161f759c44b4936c2428ea54dc659730595ea347",
    "https://deno.land/x/earthstar@v10.0.1/src/syncer/syncer.ts": "ff529b784b8ec8152802b148b60982878385ada37d974c907bdf17f5115debaa",
    "https://deno.land/x/earthstar@v10.0.1/src/syncer/syncer_manager.ts": "54561e5f1f95d1a458c3ac3c60eb47e648774f2be54e68287dba36b7f650b9be",
    "https://deno.land/x/earthstar@v10.0.1/src/syncer/syncer_types.ts": "79776025363340654ecd34b8c7e824fca1be130027aa2c6c1853e71b6d22c94a",
    "https://deno.land/x/earthstar@v10.0.1/src/syncer/transfer_manager.ts": "374035a6b76fb02494c733f57cd48b83e8bac07f56c1beaddea122d805763fce",
    "https://deno.land/x/earthstar@v10.0.1/src/syncer/transfer_queue.ts": "aa7b30d0a534184a4cc622fd94760213157a686bac8c78f3a8ac2f59ade12776",
    "https://deno.land/x/earthstar@v10.0.1/src/util/attachment_stream_info.ts": "4a18ed9ad0ce2af4b1d35d3233af2fd8d449216ed1816946efd24a4cc4846592",
    "https://deno.land/x/earthstar@v10.0.1/src/util/bigint.ts": "1000e02531f145472b528363d246d619607416b6a65994ce43fa35615b5bd4a9",
    "https://deno.land/x/earthstar@v10.0.1/src/util/bytes.ts": "85cbcf66f802ccc2c587fa76da391f25f89b7fe2876d900f70b3d0a1fdb88e52",
    "https://deno.land/x/earthstar@v10.0.1/src/util/doc-types.ts": "707a16bb72562c8f4384d37d7409e9bf43eb04460ae0874e66d4f149e372211f",
    "https://deno.land/x/earthstar@v10.0.1/src/util/errors.ts": "118ed215ec91ce4d478ef96b3c0cf3f07500698e320b2a18545084d8ba2a5a91",
    "https://deno.land/x/earthstar@v10.0.1/src/util/log.ts": "46316fa1330f8f8db0a89c6082b24472b992bbe279ac644d957db29869a16c13",
    "https://deno.land/x/earthstar@v10.0.1/src/util/misc.ts": "453316f585b63bc86c60990638ada2c88ef5915bd435d3dd57e360457194d37e",
    "https://deno.land/x/earthstar@v10.0.1/src/util/shared_settings.ts": "9d047af2b958f39a78412cc95ad155b00084555bb5ec997433abc75ef99db91e",
    "https://deno.land/x/earthstar@v10.0.1/src/util/streams.ts": "b9542e8949060f2bca52b9ebde709cfb2da81e7d0203314499826db7e13da1fb",
    "https://deno.land/x/earthstar@v10.0.1/src/util/xxhash64.js": "ad885672fba660ae1df68dd9fe0580587beaf6d408bb9ed560d272c4523b74f0",
    "https://deno.land/x/for_awaitable_queue@1.0.0/mod.ts": "a2fb2014da6401733499376cb58a9ae82819aea6471bf8df8388dcbed58a52f9",
    "https://deno.land/x/range_reconcile@0.1.2/mod.ts": "bf886668195e27bce5a958a2b3bcb8f2ed47e1f2d2e782db08d8ab1948b6e7ae",
    "https://deno.land/x/range_reconcile@0.1.2/src/fingerprint_tree/fingerprint_tree.ts": "1a18915414e057344a7c4559862c9ab80fcb6b59ad0e7d295f051df5cfd9a672",
    "https://deno.land/x/range_reconcile@0.1.2/src/lifting_monoid.ts": "f9f650a9a364fd7510ca497ea2a9fb69cc52f09b4e74143d37f7a08b9ab1cef3",
    "https://deno.land/x/range_reconcile@0.1.2/src/range_messenger/range_messenger.ts": "78f966c9857c2fad3ec6b48bb6c0e0f3d16ac1d32bb0146067227ff1693f078e",
    "https://deno.land/x/range_reconcile@0.1.2/src/range_messenger/range_messenger_config.ts": "a695011a6b38cbc736f53b2c6e61059b3f3d3caa06f36c15fe641986fbef6dfd",
    "https://deno.land/x/range_reconcile@0.1.2/src/teeable_deferred.ts": "0c167f2d7d0708e24e42c08752aa2e6a82398df03266546c390f06d1e6eb7280",
    "https://deno.land/x/range_reconcile@0.1.2/src/util.ts": "cae679c2cc2aba479899f5de8049937e0a62c5206974dcbdd81ad8663b4ccde5",
    "https://deno.land/x/shallow_equal@v0.1.3/arrays.ts": "2ffe92cd73423ce89ef6b1fd2fad26c3657d114a4030cd410daa78f210754192",
    "https://deno.land/x/shallow_equal@v0.1.3/mod.ts": "8699bbfa42900fcec42d270fdfa0f2c9c03a2098221d974088c946cbafdc8fb6",
    "https://deno.land/x/shallow_equal@v0.1.3/objects.ts": "0859f90c3269b0b420d2e7776ecbed574bed79af4afea957050e63eb35f29f0c",
    "https://deno.land/x/sodium@0.2.0/basic.ts": "458ec1e8e90b5df3c0d8a7a7e4747dbbbd35e3ee776ac4dc7c44d3ec70784de9",
    "https://deno.land/x/sodium@0.2.0/basic_types.ts": "49e32fd3d239e183d71e2509def40a70ce0308f4d9f0552dd355be8094e2fe5f",
    "https://deno.land/x/sodium@0.2.0/dist/browsers/sodium.js": "169e09bb1d056fd4700c95edbdb399d8050d685ce44b40f520e35a021167d520",
    "https://deno.land/x/sqlite@v3.2.0/build/sqlite.d.ts": "ccb2ec6b78608781d4a69f92a54c16becae0c69ded71e85b2ecb8c4865cfed91",
    "https://deno.land/x/sqlite@v3.2.0/build/sqlite.js": "16fe819f3b40c0d2e100014ec922b7dcef32bc9a0c799a9ecd4f1ae104217c88",
    "https://deno.land/x/sqlite@v3.2.0/build/vfs.js": "baff72655c0916c906327fe6703c6a47daa1346e55c2eaa2629bcd879a673c8d",
    "https://deno.land/x/sqlite@v3.2.0/mod.ts": "0b3e066f61a149d5aa99a50e2c41c687eaa0713350d3e9bfbe4025173ec1c9a9",
    "https://deno.land/x/sqlite@v3.2.0/src/constants.ts": "b967237b460fafa03ca03aeddb33953bed41c7cbdc309a934e2329a5c84079ac",
    "https://deno.land/x/sqlite@v3.2.0/src/db.ts": "51e39293ba03679a779719a32fca503b3d8728f366762b4f7fb9fd8974985ab8",
    "https://deno.land/x/sqlite@v3.2.0/src/error.ts": "6b0e5e8e5b60c928ab5b125a0801074445fbe40b20de87c95ca15f4b88592faf",
    "https://deno.land/x/sqlite@v3.2.0/src/query.ts": "ad41895ceb1585a4f67b4cf836a3106d9be8957bf00ec48a056638026286f9b0",
    "https://deno.land/x/sqlite@v3.2.0/src/wasm.ts": "e79d0baa6e42423257fb3c7cc98091c54399254867e0f34a09b5bdef37bd9487",
    "https://deno.land/x/zipjs@v2.6.60/index.d.ts": "d3a8e678f5bb439d868589671a776c8dd3a5dcb9b7e9f6ea9cfd5b64499ed595",
    "https://deno.land/x/zipjs@v2.6.60/index.js": "7c71926e0c9618e48a22d9dce701131704fd3148a1d2eefd5dba1d786c846a5f",
    "https://deno.land/x/zipjs@v2.6.60/lib/core/codec-pool.js": "54101f231bcf4f206b050842cf277e71c31cfaccbe789a9b1b1b0b3b3b03e0a2",
    "https://deno.land/x/zipjs@v2.6.60/lib/core/codec-worker.js": "0d9f5ac94390aafaa6a51b8615887628b341a858e3dfa179b4b1620d0b71c9b1",
    "https://deno.land/x/zipjs@v2.6.60/lib/core/configuration.js": "baa316a63df2f8239f9d52cd4863eaedaddd34ad887b7513588da75d19e84932",
    "https://deno.land/x/zipjs@v2.6.60/lib/core/constants.js": "c1aff78c6b9378b26ab4330e85032160ebf1f2d09a99e5e6907626f816e88908",
    "https://deno.land/x/zipjs@v2.6.60/lib/core/io.js": "1e362b54e1900d30274f0b7706ce23297d65fd2d404fbee2397d927d06c2f53a",
    "https://deno.land/x/zipjs@v2.6.60/lib/core/streams/aes-crypto-stream.js": "3df0fbc66f55b1ed9dd1e23966fe518e3efe26a13a5b59e1b75208d49973f15c",
    "https://deno.land/x/zipjs@v2.6.60/lib/core/streams/codec-stream.js": "a2dff9679b504f6340a8c21112b69d8dc0bf103aeb2cabec7872c9ef43abcd5f",
    "https://deno.land/x/zipjs@v2.6.60/lib/core/streams/codecs/crc32.js": "dfdde666f72b4a5ffc8cf5b1451e0db578ce4bd90de20df2cff5bfd47758cb23",
    "https://deno.land/x/zipjs@v2.6.60/lib/core/streams/codecs/deflate.js": "5c0058b730ca09044c31c67ae0b56993baae7801807c5ab18b5931ee37d9fe24",
    "https://deno.land/x/zipjs@v2.6.60/lib/core/streams/codecs/inflate.js": "769cc7dfd9da81ae3ae2ddae07a7102951c30123ead5e9b8983a134f2d45b417",
    "https://deno.land/x/zipjs@v2.6.60/lib/core/streams/codecs/sjcl.js": "761638dcc49da13429e790c9e8a84ce107bcc4380a318d860c0934dc8b3c23dd",
    "https://deno.land/x/zipjs@v2.6.60/lib/core/streams/common-crypto.js": "6cca6cfafe068fa8aa4f82788d8fb5131109cf7d1c204c27166f59120d2fa01a",
    "https://deno.land/x/zipjs@v2.6.60/lib/core/streams/crc32-stream.js": "23b8ae832c77866435dab93319ec39b8af6b38acf737f582f2344716775e9952",
    "https://deno.land/x/zipjs@v2.6.60/lib/core/streams/stream-adapter.js": "9e7f3fe1601cc447943cd37b5adb6d74c6e9c404d002e707e8eace7bc048929c",
    "https://deno.land/x/zipjs@v2.6.60/lib/core/streams/zip-crypto-stream.js": "7c959f0d47c6b282171e640f5072b4a890027fc25d375da9d130c0d680e79862",
    "https://deno.land/x/zipjs@v2.6.60/lib/core/streams/zip-entry-stream.js": "5e645444fa2dc5b1cb88333ecfdbc99cce36d8c66a4610b5116bfd32bfb96199",
    "https://deno.land/x/zipjs@v2.6.60/lib/core/util/cp437-decode.js": "d665ded184037ffe5d255be8f379f90416053e3d0d84fac95b28f4aeaab3d336",
    "https://deno.land/x/zipjs@v2.6.60/lib/core/util/decode-text.js": "c04a098fa7c16470c48b6abd4eb4ac48af53547de65e7c8f39b78ae62330ad57",
    "https://deno.land/x/zipjs@v2.6.60/lib/core/util/default-mime-type.js": "177ae00e1956d3d00cdefc40eb158cb591d3d24ede452c056d30f98d73d9cd73",
    "https://deno.land/x/zipjs@v2.6.60/lib/core/util/encode-text.js": "c51a8947c15b7fe31b0036b69fd68817f54b30ce29502b5c9609d8b15e3b20d9",
    "https://deno.land/x/zipjs@v2.6.60/lib/core/util/mime-type.js": "7e4f0d516923f7dcf5cd14a0d06e2b7af9dacd160c707afac82f3ce6c69ae287",
    "https://deno.land/x/zipjs@v2.6.60/lib/core/util/stream-codec-shim.js": "845c0659c6ab9ed9b03cae452255e4e0a699001e8b45ccae23cb0ece5f91064c",
    "https://deno.land/x/zipjs@v2.6.60/lib/core/zip-entry.js": "d30a535cd1e75ef98094cd04120f178c103cdc4055d23ff747ffc6a154da8d2d",
    "https://deno.land/x/zipjs@v2.6.60/lib/core/zip-fs-core.js": "802081f39ec4c03e7c21bb2fcb5dde9bf06bc63dadd5f808770810de45217a71",
    "https://deno.land/x/zipjs@v2.6.60/lib/core/zip-reader.js": "836fa2c1f6b690598a47e6425be50e7a8387802eec656a638191d6dc6780357b",
    "https://deno.land/x/zipjs@v2.6.60/lib/core/zip-writer.js": "b74b6f2c02aae409f26e8002034c3864b488e4a90f71cb6a8cc3ff7a684738d6",
    "https://deno.land/x/zipjs@v2.6.60/lib/z-worker-inline.js": "5fbfc7b8871e07bf925b8af1cf3da8a7ac29defc193c2112673dd83668b1f8e4",
    "https://deno.land/x/zipjs@v2.6.60/lib/zip-fs.js": "a733360302f5fbec9cc01543cb9fcfe7bae3f35a50d0006626ce42fe8183b63f",
    "https://esm.sh/fast-json-stable-stringify@2.1.0": "2f4ff343f837946c2ea13480da39161edd10e6c3387e6d0ad5b48fc61e96f2a0",
    "https://esm.sh/rfc4648@1.5.0": "942d0be8b0497727eadaaf6e88307dea5f067817295cd3402c26f622ca932688",
    "https://esm.sh/sha256-uint8array@0.10.3": "866e7c61d9a50aa935f53dd3cb5fd7400d8c872b3c67bea5427ab6ab27c532fd",
    "https://esm.sh/v96/fast-json-stable-stringify@2.1.0/deno/fast-json-stable-stringify.js": "cf00561ca1018e1ae0870ad76444fd0be9949ac73532a77e3c34f4c9198ecbf2",
    "https://esm.sh/v96/fast-json-stable-stringify@2.1.0/index.d.ts": "057ed8f5a5da370ccfdef3572fd36033349586f14453bc4cc5f9527f6b95d7f9",
    "https://esm.sh/v96/rfc4648@1.5.0/deno/rfc4648.js": "0c0faabca22c2c30c40cbfc8fe6338c3deccd1cb86074b5084c60ad4892c161e",
    "https://esm.sh/v96/rfc4648@1.5.0/lib/src/codec.d.ts": "b85e0cacbcbddaeaed7497fc24c779c06dbe9e1f7e16e1979c120831c92f0c0e",
    "https://esm.sh/v96/rfc4648@1.5.0/lib/src/index.d.ts": "705c5a29a7050fcc735988665316428cb2bfa678764a4acc5e50533fe5e8ee80",
    "https://esm.sh/v96/sha256-uint8array@0.10.3/deno/sha256-uint8array.js": "4651f27d3f35cd280b0d087e54124197d333c4ac3cefcae7d5358f3ebd2de99d",
    "https://esm.sh/v96/sha256-uint8array@0.10.3/types/sha256-uint8array.d.ts": "60362f82662d61e60c4e9f4dca95e108cda56d3894cee115ffab6a25ab04f77a",
    "https://raw.githubusercontent.com/sgwilym/noble-ed25519/153f9e7e9952ad22885f5abb3f6abf777bef4a4c/index.ts": "7bbdf74c218c856982948b3e4c63a276fee69d73f581db5c84ecfe2a37f1f371",
    "https://raw.githubusercontent.com/sgwilym/noble-ed25519/153f9e7e9952ad22885f5abb3f6abf777bef4a4c/mod.ts": "92f8abb3961cc84a393878ab48b0223dc25ee707400207922cb544aa7cdfbbe6"
  }
}
